
Microsoft Visual Studio Solution File, Format Version 12.00
# Visual Studio Version 16
VisualStudioVersion = 16.0.30611.23
MinimumVisualStudioVersion = 10.0.40219.1
Project("{FAE04EC0-301F-11D3-BF4B-00C04F79EFBC}") = "WCFService_2Way_0160140086", "WCFService_2Way_NIM\WCFService_2Way_0160140086.csproj", "{DB0374D7-C34F-4CD6-BA96-58841EC0D0D1}"
EndProject
Global
	GlobalSection(SolutionConfigurationPlatforms) = preSolution
		Debug|Any CPU = Debug|Any CPU
		Release|Any CPU = Release|Any CPU
	EndGlobalSection
	GlobalSection(ProjectConfigurationPlatforms) = postSolution
		{DB0374D7-C34F-4CD6-BA96-58841EC0D0D1}.Debug|Any CPU.ActiveCfg = Debug|Any CPU
		{DB0374D7-C34F-4CD6-BA96-58841EC0D0D1}.Debug|Any CPU.Build.0 = Debug|Any CPU
		{DB0374D7-C34F-4CD6-BA96-58841EC0D0D1}.Release|Any CPU.ActiveCfg = Release|Any CPU
		{DB0374D7-C34F-4CD6-BA96-58841EC0D0D1}.Release|Any CPU.Build.0 = Release|Any CPU
	EndGlobalSection
	GlobalSection(SolutionProperties) = preSolution
		HideSolutionNode = FALSE
	EndGlobalSection
	GlobalSection(ExtensibilityGlobals) = postSolution
		SolutionGuid = {DE54E140-7237-43A7-BCF0-1E9122C9EDE7}
	EndGlobalSection
EndGlobal
